// !$*UTF8*$!
{
	archiveVersion = 1;
	classes = {
	};
	objectVersion = 56;
	objects = {

/* Begin PBXBuildFile section */
		B15D3AEF2BC1EFBD00118FAB /* Preview Assets.xcassets in Resources */ = {isa = PBXBuildFile; fileRef = B15D3AE62BC1EFBD00118FAB /* Preview Assets.xcassets */; };
		B15D3AF02BC1EFBD00118FAB /* AnalogTimerApp.swift in Sources */ = {isa = PBXBuildFile; fileRef = B15D3AE82BC1EFBD00118FAB /* AnalogTimerApp.swift */; };
		B15D3AF12BC1EFBD00118FAB /* Assets.xcassets in Resources */ = {isa = PBXBuildFile; fileRef = B15D3AE92BC1EFBD00118FAB /* Assets.xcassets */; };
		B15D3AF22BC1EFBD00118FAB /* ContentView.swift in Sources */ = {isa = PBXBuildFile; fileRef = B15D3AEA2BC1EFBD00118FAB /* ContentView.swift */; };
		B15D3AF52BC1EFBD00118FAB /* TimerLogic.swift in Sources */ = {isa = PBXBuildFile; fileRef = B15D3AED2BC1EFBD00118FAB /* TimerLogic.swift */; };
		B1A326DA2CD90AAD00D3C934 /* AboutView.swift in Sources */ = {isa = PBXBuildFile; fileRef = B1A326D62CD90AAD00D3C934 /* AboutView.swift */; };
		B1A326DB2CD90AAD00D3C934 /* SettingsStore.swift in Sources */ = {isa = PBXBuildFile; fileRef = B1A326D72CD90AAD00D3C934 /* SettingsStore.swift */; };
		B1A326DC2CD90AAD00D3C934 /* SettingsView.swift in Sources */ = {isa = PBXBuildFile; fileRef = B1A326D82CD90AAD00D3C934 /* SettingsView.swift */; };
		B1A326E02CD90AB400D3C934 /* ClockView.swift in Sources */ = {isa = PBXBuildFile; fileRef = B1A326DD2CD90AB400D3C934 /* ClockView.swift */; };
		B1A326E12CD90AB400D3C934 /* CommonViews.swift in Sources */ = {isa = PBXBuildFile; fileRef = B1A326DE2CD90AB400D3C934 /* CommonViews.swift */; };
		B1A326E32CD90DC100D3C934 /* Extensions.swift in Sources */ = {isa = PBXBuildFile; fileRef = B1A326E22CD90DC100D3C934 /* Extensions.swift */; };
		B1A326E82CD9104900D3C934 /* IntSlider.swift in Sources */ = {isa = PBXBuildFile; fileRef = B1A326E42CD9104900D3C934 /* IntSlider.swift */; };
		B1A326E92CD9104900D3C934 /* limitedTextField.swift in Sources */ = {isa = PBXBuildFile; fileRef = B1A326E52CD9104900D3C934 /* limitedTextField.swift */; };
		B1A326EA2CD9104900D3C934 /* AnimGradient.swift in Sources */ = {isa = PBXBuildFile; fileRef = B1A326E62CD9104900D3C934 /* AnimGradient.swift */; };
		B1A3270C2CDB45CF00D3C934 /* DynamicStack.swift in Sources */ = {isa = PBXBuildFile; fileRef = B1A3270B2CDB45CF00D3C934 /* DynamicStack.swift */; };
		B1E876E22C01AFD200810D85 /* Functions.swift in Sources */ = {isa = PBXBuildFile; fileRef = B1E876E12C01AFD100810D85 /* Functions.swift */; };
		B1F38ADC2CDE5CA20082BD01 /* Localizable.xcstrings in Resources */ = {isa = PBXBuildFile; fileRef = B1F38ADB2CDE5CA20082BD01 /* Localizable.xcstrings */; };
/* End PBXBuildFile section */

/* Begin PBXFileReference section */
		B15D3AD52BC1EF6100118FAB /* AnalogTimer.app */ = {isa = PBXFileReference; explicitFileType = wrapper.application; includeInIndex = 0; path = AnalogTimer.app; sourceTree = BUILT_PRODUCTS_DIR; };
		B15D3AE62BC1EFBD00118FAB /* Preview Assets.xcassets */ = {isa = PBXFileReference; lastKnownFileType = folder.assetcatalog; path = "Preview Assets.xcassets"; sourceTree = "<group>"; };
		B15D3AE82BC1EFBD00118FAB /* AnalogTimerApp.swift */ = {isa = PBXFileReference; fileEncoding = 4; lastKnownFileType = sourcecode.swift; path = AnalogTimerApp.swift; sourceTree = "<group>"; };
		B15D3AE92BC1EFBD00118FAB /* Assets.xcassets */ = {isa = PBXFileReference; lastKnownFileType = folder.assetcatalog; path = Assets.xcassets; sourceTree = "<group>"; };
		B15D3AEA2BC1EFBD00118FAB /* ContentView.swift */ = {isa = PBXFileReference; fileEncoding = 4; lastKnownFileType = sourcecode.swift; path = ContentView.swift; sourceTree = "<group>"; };
		B15D3AED2BC1EFBD00118FAB /* TimerLogic.swift */ = {isa = PBXFileReference; fileEncoding = 4; lastKnownFileType = sourcecode.swift; path = TimerLogic.swift; sourceTree = "<group>"; };
		B1A326D62CD90AAD00D3C934 /* AboutView.swift */ = {isa = PBXFileReference; lastKnownFileType = sourcecode.swift; path = AboutView.swift; sourceTree = "<group>"; };
		B1A326D72CD90AAD00D3C934 /* SettingsStore.swift */ = {isa = PBXFileReference; lastKnownFileType = sourcecode.swift; path = SettingsStore.swift; sourceTree = "<group>"; };
		B1A326D82CD90AAD00D3C934 /* SettingsView.swift */ = {isa = PBXFileReference; lastKnownFileType = sourcecode.swift; path = SettingsView.swift; sourceTree = "<group>"; };
		B1A326DD2CD90AB400D3C934 /* ClockView.swift */ = {isa = PBXFileReference; lastKnownFileType = sourcecode.swift; path = ClockView.swift; sourceTree = "<group>"; };
		B1A326DE2CD90AB400D3C934 /* CommonViews.swift */ = {isa = PBXFileReference; lastKnownFileType = sourcecode.swift; path = CommonViews.swift; sourceTree = "<group>"; };
		B1A326E22CD90DC100D3C934 /* Extensions.swift */ = {isa = PBXFileReference; lastKnownFileType = sourcecode.swift; path = Extensions.swift; sourceTree = "<group>"; };
		B1A326E42CD9104900D3C934 /* IntSlider.swift */ = {isa = PBXFileReference; lastKnownFileType = sourcecode.swift; path = IntSlider.swift; sourceTree = "<group>"; };
		B1A326E52CD9104900D3C934 /* limitedTextField.swift */ = {isa = PBXFileReference; lastKnownFileType = sourcecode.swift; path = limitedTextField.swift; sourceTree = "<group>"; };
		B1A326E62CD9104900D3C934 /* AnimGradient.swift */ = {isa = PBXFileReference; lastKnownFileType = sourcecode.swift; path = AnimGradient.swift; sourceTree = "<group>"; };
		B1A3270B2CDB45CF00D3C934 /* DynamicStack.swift */ = {isa = PBXFileReference; lastKnownFileType = sourcecode.swift; path = DynamicStack.swift; sourceTree = "<group>"; };
		B1E876E12C01AFD100810D85 /* Functions.swift */ = {isa = PBXFileReference; lastKnownFileType = sourcecode.swift; path = Functions.swift; sourceTree = "<group>"; };
		B1F38ADB2CDE5CA20082BD01 /* Localizable.xcstrings */ = {isa = PBXFileReference; lastKnownFileType = text.json.xcstrings; path = Localizable.xcstrings; sourceTree = "<group>"; };
/* End PBXFileReference section */

/* Begin PBXFrameworksBuildPhase section */
		B15D3AD22BC1EF6100118FAB /* Frameworks */ = {
			isa = PBXFrameworksBuildPhase;
			buildActionMask = 2147483647;
			files = (
			);
			runOnlyForDeploymentPostprocessing = 0;
		};
/* End PBXFrameworksBuildPhase section */

/* Begin PBXGroup section */
		B15D3ACC2BC1EF6100118FAB = {
			isa = PBXGroup;
			children = (
				B15D3AEE2BC1EFBD00118FAB /* AnalogTimer */,
				B15D3AD62BC1EF6100118FAB /* Products */,
			);
			sourceTree = "<group>";
		};
		B15D3AD62BC1EF6100118FAB /* Products */ = {
			isa = PBXGroup;
			children = (
				B15D3AD52BC1EF6100118FAB /* AnalogTimer.app */,
			);
			name = Products;
			sourceTree = "<group>";
		};
		B15D3AE72BC1EFBD00118FAB /* Preview Content */ = {
			isa = PBXGroup;
			children = (
				B15D3AE62BC1EFBD00118FAB /* Preview Assets.xcassets */,
			);
			path = "Preview Content";
			sourceTree = "<group>";
		};
		B15D3AEE2BC1EFBD00118FAB /* AnalogTimer */ = {
			isa = PBXGroup;
			children = (
				B1A326D92CD90AAD00D3C934 /* Settings */,
				B1A326DF2CD90AB400D3C934 /* View */,
				B1A326CC2CD9078400D3C934 /* Commons */,
				B15D3AED2BC1EFBD00118FAB /* TimerLogic.swift */,
				B15D3AEA2BC1EFBD00118FAB /* ContentView.swift */,
				B15D3AE82BC1EFBD00118FAB /* AnalogTimerApp.swift */,
				B1F38ADB2CDE5CA20082BD01 /* Localizable.xcstrings */,
				B15D3AE92BC1EFBD00118FAB /* Assets.xcassets */,
				B15D3AE72BC1EFBD00118FAB /* Preview Content */,
			);
			path = AnalogTimer;
			sourceTree = "<group>";
		};
		B1A326CC2CD9078400D3C934 /* Commons */ = {
			isa = PBXGroup;
			children = (
				B1A326E22CD90DC100D3C934 /* Extensions.swift */,
				B1E876E12C01AFD100810D85 /* Functions.swift */,
			);
			path = Commons;
			sourceTree = "<group>";
		};
		B1A326D92CD90AAD00D3C934 /* Settings */ = {
			isa = PBXGroup;
			children = (
				B1A326D62CD90AAD00D3C934 /* AboutView.swift */,
				B1A326D72CD90AAD00D3C934 /* SettingsStore.swift */,
				B1A326D82CD90AAD00D3C934 /* SettingsView.swift */,
			);
			path = Settings;
			sourceTree = "<group>";
		};
		B1A326DF2CD90AB400D3C934 /* View */ = {
			isa = PBXGroup;
			children = (
				B1A326E72CD9104900D3C934 /* CustomElement */,
				B1A326DD2CD90AB400D3C934 /* ClockView.swift */,
				B1A326DE2CD90AB400D3C934 /* CommonViews.swift */,
			);
			path = View;
			sourceTree = "<group>";
		};
		B1A326E72CD9104900D3C934 /* CustomElement */ = {
			isa = PBXGroup;
			children = (
				B1A326E42CD9104900D3C934 /* IntSlider.swift */,
				B1A326E52CD9104900D3C934 /* limitedTextField.swift */,
				B1A326E62CD9104900D3C934 /* AnimGradient.swift */,
				B1A3270B2CDB45CF00D3C934 /* DynamicStack.swift */,
			);
			path = CustomElement;
			sourceTree = "<group>";
		};
/* End PBXGroup section */

/* Begin PBXNativeTarget section */
		B15D3AD42BC1EF6100118FAB /* AnalogTimer */ = {
			isa = PBXNativeTarget;
			buildConfigurationList = B15D3AE32BC1EF6200118FAB /* Build configuration list for PBXNativeTarget "AnalogTimer" */;
			buildPhases = (
				B15D3AD12BC1EF6100118FAB /* Sources */,
				B15D3AD22BC1EF6100118FAB /* Frameworks */,
				B15D3AD32BC1EF6100118FAB /* Resources */,
			);
			buildRules = (
			);
			dependencies = (
			);
			name = AnalogTimer;
			productName = TIEM;
			productReference = B15D3AD52BC1EF6100118FAB /* AnalogTimer.app */;
			productType = "com.apple.product-type.application";
		};
/* End PBXNativeTarget section */

/* Begin PBXProject section */
		B15D3ACD2BC1EF6100118FAB /* Project object */ = {
			isa = PBXProject;
			attributes = {
				BuildIndependentTargetsInParallel = 1;
				LastSwiftUpdateCheck = 1530;
				LastUpgradeCheck = 1530;
				TargetAttributes = {
					B15D3AD42BC1EF6100118FAB = {
						CreatedOnToolsVersion = 15.3;
					};
				};
			};
			buildConfigurationList = B15D3AD02BC1EF6100118FAB /* Build configuration list for PBXProject "AnalogTimer" */;
			compatibilityVersion = "Xcode 14.0";
			developmentRegion = en;
			hasScannedForEncodings = 0;
			knownRegions = (
				en,
				Base,
			);
			mainGroup = B15D3ACC2BC1EF6100118FAB;
			productRefGroup = B15D3AD62BC1EF6100118FAB /* Products */;
			projectDirPath = "";
			projectRoot = "";
			targets = (
				B15D3AD42BC1EF6100118FAB /* AnalogTimer */,
			);
		};
/* End PBXProject section */

/* Begin PBXResourcesBuildPhase section */
		B15D3AD32BC1EF6100118FAB /* Resources */ = {
			isa = PBXResourcesBuildPhase;
			buildActionMask = 2147483647;
			files = (
				B15D3AF12BC1EFBD00118FAB /* Assets.xcassets in Resources */,
				B15D3AEF2BC1EFBD00118FAB /* Preview Assets.xcassets in Resources */,
				B1F38ADC2CDE5CA20082BD01 /* Localizable.xcstrings in Resources */,
			);
			runOnlyForDeploymentPostprocessing = 0;
		};
/* End PBXResourcesBuildPhase section */

/* Begin PBXSourcesBuildPhase section */
		B15D3AD12BC1EF6100118FAB /* Sources */ = {
			isa = PBXSourcesBuildPhase;
			buildActionMask = 2147483647;
			files = (
				B1A326E82CD9104900D3C934 /* IntSlider.swift in Sources */,
				B1A326E92CD9104900D3C934 /* limitedTextField.swift in Sources */,
				B1A326EA2CD9104900D3C934 /* AnimGradient.swift in Sources */,
				B15D3AF52BC1EFBD00118FAB /* TimerLogic.swift in Sources */,
				B15D3AF22BC1EFBD00118FAB /* ContentView.swift in Sources */,
				B15D3AF02BC1EFBD00118FAB /* AnalogTimerApp.swift in Sources */,
				B1A3270C2CDB45CF00D3C934 /* DynamicStack.swift in Sources */,
				B1A326DA2CD90AAD00D3C934 /* AboutView.swift in Sources */,
				B1A326E02CD90AB400D3C934 /* ClockView.swift in Sources */,
				B1A326E32CD90DC100D3C934 /* Extensions.swift in Sources */,
				B1A326E12CD90AB400D3C934 /* CommonViews.swift in Sources */,
				B1A326DB2CD90AAD00D3C934 /* SettingsStore.swift in Sources */,
				B1A326DC2CD90AAD00D3C934 /* SettingsView.swift in Sources */,
				B1E876E22C01AFD200810D85 /* Functions.swift in Sources */,
			);
			runOnlyForDeploymentPostprocessing = 0;
		};
/* End PBXSourcesBuildPhase section */

/* Begin XCBuildConfiguration section */
		B15D3AE12BC1EF6200118FAB /* Debug */ = {
			isa = XCBuildConfiguration;
			buildSettings = {
				ALWAYS_SEARCH_USER_PATHS = NO;
				ASSETCATALOG_COMPILER_GENERATE_SWIFT_ASSET_SYMBOL_EXTENSIONS = YES;
				CLANG_ANALYZER_NONNULL = YES;
				CLANG_ANALYZER_NUMBER_OBJECT_CONVERSION = YES_AGGRESSIVE;
				CLANG_CXX_LANGUAGE_STANDARD = "gnu++20";
				CLANG_ENABLE_MODULES = YES;
				CLANG_ENABLE_OBJC_ARC = YES;
				CLANG_ENABLE_OBJC_WEAK = YES;
				CLANG_WARN_BLOCK_CAPTURE_AUTORELEASING = YES;
				CLANG_WARN_BOOL_CONVERSION = YES;
				CLANG_WARN_COMMA = YES;
				CLANG_WARN_CONSTANT_CONVERSION = YES;
				CLANG_WARN_DEPRECATED_OBJC_IMPLEMENTATIONS = YES;
				CLANG_WARN_DIRECT_OBJC_ISA_USAGE = YES_ERROR;
				CLANG_WARN_DOCUMENTATION_COMMENTS = YES;
				CLANG_WARN_EMPTY_BODY = YES;
				CLANG_WARN_ENUM_CONVERSION = YES;
				CLANG_WARN_INFINITE_RECURSION = YES;
				CLANG_WARN_INT_CONVERSION = YES;
				CLANG_WARN_NON_LITERAL_NULL_CONVERSION = YES;
				CLANG_WARN_OBJC_IMPLICIT_RETAIN_SELF = YES;
				CLANG_WARN_OBJC_LITERAL_CONVERSION = YES;
				CLANG_WARN_OBJC_ROOT_CLASS = YES_ERROR;
				CLANG_WARN_QUOTED_INCLUDE_IN_FRAMEWORK_HEADER = YES;
				CLANG_WARN_RANGE_LOOP_ANALYSIS = YES;
				CLANG_WARN_STRICT_PROTOTYPES = YES;
				CLANG_WARN_SUSPICIOUS_MOVE = YES;
				CLANG_WARN_UNGUARDED_AVAILABILITY = YES_AGGRESSIVE;
				CLANG_WARN_UNREACHABLE_CODE = YES;
				CLANG_WARN__DUPLICATE_METHOD_MATCH = YES;
				COPY_PHASE_STRIP = NO;
				DEBUG_INFORMATION_FORMAT = dwarf;
				ENABLE_STRICT_OBJC_MSGSEND = YES;
				ENABLE_TESTABILITY = YES;
				ENABLE_USER_SCRIPT_SANDBOXING = YES;
				GCC_C_LANGUAGE_STANDARD = gnu17;
				GCC_DYNAMIC_NO_PIC = NO;
				GCC_NO_COMMON_BLOCKS = YES;
				GCC_OPTIMIZATION_LEVEL = 0;
				GCC_PREPROCESSOR_DEFINITIONS = (
					"DEBUG=1",
					"$(inherited)",
				);
				GCC_WARN_64_TO_32_BIT_CONVERSION = YES;
				GCC_WARN_ABOUT_RETURN_TYPE = YES_ERROR;
				GCC_WARN_UNDECLARED_SELECTOR = YES;
				GCC_WARN_UNINITIALIZED_AUTOS = YES_AGGRESSIVE;
				GCC_WARN_UNUSED_FUNCTION = YES;
				GCC_WARN_UNUSED_VARIABLE = YES;
				IPHONEOS_DEPLOYMENT_TARGET = 17.4;
				LOCALIZATION_PREFERS_STRING_CATALOGS = YES;
				MTL_ENABLE_DEBUG_INFO = INCLUDE_SOURCE;
				MTL_FAST_MATH = YES;
				ONLY_ACTIVE_ARCH = YES;
				SDKROOT = iphoneos;
				SWIFT_ACTIVE_COMPILATION_CONDITIONS = "DEBUG $(inherited)";
				SWIFT_OPTIMIZATION_LEVEL = "-Onone";
			};
			name = Debug;
		};
		B15D3AE22BC1EF6200118FAB /* Release */ = {
			isa = XCBuildConfiguration;
			buildSettings = {
				ALWAYS_SEARCH_USER_PATHS = NO;
				ASSETCATALOG_COMPILER_GENERATE_SWIFT_ASSET_SYMBOL_EXTENSIONS = YES;
				CLANG_ANALYZER_NONNULL = YES;
				CLANG_ANALYZER_NUMBER_OBJECT_CONVERSION = YES_AGGRESSIVE;
				CLANG_CXX_LANGUAGE_STANDARD = "gnu++20";
				CLANG_ENABLE_MODULES = YES;
				CLANG_ENABLE_OBJC_ARC = YES;
				CLANG_ENABLE_OBJC_WEAK = YES;
				CLANG_WARN_BLOCK_CAPTURE_AUTORELEASING = YES;
				CLANG_WARN_BOOL_CONVERSION = YES;
				CLANG_WARN_COMMA = YES;
				CLANG_WARN_CONSTANT_CONVERSION = YES;
				CLANG_WARN_DEPRECATED_OBJC_IMPLEMENTATIONS = YES;
				CLANG_WARN_DIRECT_OBJC_ISA_USAGE = YES_ERROR;
				CLANG_WARN_DOCUMENTATION_COMMENTS = YES;
				CLANG_WARN_EMPTY_BODY = YES;
				CLANG_WARN_ENUM_CONVERSION = YES;
				CLANG_WARN_INFINITE_RECURSION = YES;
				CLANG_WARN_INT_CONVERSION = YES;
				CLANG_WARN_NON_LITERAL_NULL_CONVERSION = YES;
				CLANG_WARN_OBJC_IMPLICIT_RETAIN_SELF = YES;
				CLANG_WARN_OBJC_LITERAL_CONVERSION = YES;
				CLANG_WARN_OBJC_ROOT_CLASS = YES_ERROR;
				CLANG_WARN_QUOTED_INCLUDE_IN_FRAMEWORK_HEADER = YES;
				CLANG_WARN_RANGE_LOOP_ANALYSIS = YES;
				CLANG_WARN_STRICT_PROTOTYPES = YES;
				CLANG_WARN_SUSPICIOUS_MOVE = YES;
				CLANG_WARN_UNGUARDED_AVAILABILITY = YES_AGGRESSIVE;
				CLANG_WARN_UNREACHABLE_CODE = YES;
				CLANG_WARN__DUPLICATE_METHOD_MATCH = YES;
				COPY_PHASE_STRIP = NO;
				DEBUG_INFORMATION_FORMAT = "dwarf-with-dsym";
				ENABLE_NS_ASSERTIONS = NO;
				ENABLE_STRICT_OBJC_MSGSEND = YES;
				ENABLE_USER_SCRIPT_SANDBOXING = YES;
				GCC_C_LANGUAGE_STANDARD = gnu17;
				GCC_NO_COMMON_BLOCKS = YES;
				GCC_WARN_64_TO_32_BIT_CONVERSION = YES;
				GCC_WARN_ABOUT_RETURN_TYPE = YES_ERROR;
				GCC_WARN_UNDECLARED_SELECTOR = YES;
				GCC_WARN_UNINITIALIZED_AUTOS = YES_AGGRESSIVE;
				GCC_WARN_UNUSED_FUNCTION = YES;
				GCC_WARN_UNUSED_VARIABLE = YES;
				IPHONEOS_DEPLOYMENT_TARGET = 17.4;
				LOCALIZATION_PREFERS_STRING_CATALOGS = YES;
				MTL_ENABLE_DEBUG_INFO = NO;
				MTL_FAST_MATH = YES;
				SDKROOT = iphoneos;
				SWIFT_COMPILATION_MODE = wholemodule;
				VALIDATE_PRODUCT = YES;
			};
			name = Release;
		};
		B15D3AE42BC1EF6200118FAB /* Debug */ = {
			isa = XCBuildConfiguration;
			buildSettings = {
				ASSETCATALOG_COMPILER_APPICON_NAME = AppIcon;
				ASSETCATALOG_COMPILER_GLOBAL_ACCENT_COLOR_NAME = AccentColor;
				CODE_SIGN_IDENTITY = "Apple Development";
				CODE_SIGN_STYLE = Automatic;
				CURRENT_PROJECT_VERSION = 1;
				DEVELOPMENT_ASSET_PATHS = "\"AnalogTImer/Preview Content\"";
				DEVELOPMENT_TEAM = 245AVHR596;
				ENABLE_PREVIEWS = YES;
				GENERATE_INFOPLIST_FILE = YES;
				INFOPLIST_KEY_CFBundleDisplayName = AnalogTimer;
				INFOPLIST_KEY_LSApplicationCategoryType = "public.app-category.utilities";
				INFOPLIST_KEY_UIApplicationSceneManifest_Generation = YES;
				INFOPLIST_KEY_UIApplicationSupportsIndirectInputEvents = YES;
				INFOPLIST_KEY_UILaunchScreen_Generation = YES;
				INFOPLIST_KEY_UISupportedInterfaceOrientations = "UIInterfaceOrientationLandscapeLeft UIInterfaceOrientationLandscapeRight UIInterfaceOrientationPortrait";
				INFOPLIST_KEY_UISupportedInterfaceOrientations_iPad = "UIInterfaceOrientationLandscapeLeft UIInterfaceOrientationLandscapeRight UIInterfaceOrientationPortrait UIInterfaceOrientationPortraitUpsideDown";
				IPHONEOS_DEPLOYMENT_TARGET = 15.0;
				LD_RUNPATH_SEARCH_PATHS = (
					"$(inherited)",
					"@executable_path/Frameworks",
				);
				MARKETING_VERSION = "0.1-alpha";
				PRODUCT_BUNDLE_IDENTIFIER = com.ulyssas.AnalogTimer;
				PRODUCT_NAME = "$(TARGET_NAME)";
				PROVISIONING_PROFILE_SPECIFIER = "";
				SUPPORTED_PLATFORMS = "iphoneos iphonesimulator";
				SUPPORTS_MACCATALYST = NO;
				SWIFT_EMIT_LOC_STRINGS = YES;
				SWIFT_VERSION = 5.0;
				TARGETED_DEVICE_FAMILY = "1,2";
			};
			name = Debug;
		};
		B15D3AE52BC1EF6200118FAB /* Release */ = {
			isa = XCBuildConfiguration;
			buildSettings = {
				ASSETCATALOG_COMPILER_APPICON_NAME = AppIcon;
				ASSETCATALOG_COMPILER_GLOBAL_ACCENT_COLOR_NAME = AccentColor;
				CODE_SIGN_IDENTITY = "Apple Development";
				CODE_SIGN_STYLE = Automatic;
				CURRENT_PROJECT_VERSION = 1;
				DEVELOPMENT_ASSET_PATHS = "\"AnalogTImer/Preview Content\"";
				DEVELOPMENT_TEAM = 245AVHR596;
				ENABLE_PREVIEWS = YES;
				GENERATE_INFOPLIST_FILE = YES;
				INFOPLIST_KEY_CFBundleDisplayName = AnalogTimer;
				INFOPLIST_KEY_LSApplicationCategoryType = "public.app-category.utilities";
				INFOPLIST_KEY_UIApplicationSceneManifest_Generation = YES;
				INFOPLIST_KEY_UIApplicationSupportsIndirectInputEvents = YES;
				INFOPLIST_KEY_UILaunchScreen_Generation = YES;
				INFOPLIST_KEY_UISupportedInterfaceOrientations = "UIInterfaceOrientationLandscapeLeft UIInterfaceOrientationLandscapeRight UIInterfaceOrientationPortrait";
				INFOPLIST_KEY_UISupportedInterfaceOrientations_iPad = "UIInterfaceOrientationLandscapeLeft UIInterfaceOrientationLandscapeRight UIInterfaceOrientationPortrait UIInterfaceOrientationPortraitUpsideDown";
				IPHONEOS_DEPLOYMENT_TARGET = 15.0;
				LD_RUNPATH_SEARCH_PATHS = (
					"$(inherited)",
					"@executable_path/Frameworks",
				);
				MARKETING_VERSION = "0.1-alpha";
				PRODUCT_BUNDLE_IDENTIFIER = com.ulyssas.AnalogTimer;
				PRODUCT_NAME = "$(TARGET_NAME)";
				PROVISIONING_PROFILE_SPECIFIER = "";
				SUPPORTED_PLATFORMS = "iphoneos iphonesimulator";
				SUPPORTS_MACCATALYST = NO;
				SWIFT_EMIT_LOC_STRINGS = YES;
				SWIFT_VERSION = 5.0;
				TARGETED_DEVICE_FAMILY = "1,2";
			};
			name = Release;
		};
/* End XCBuildConfiguration section */

/* Begin XCConfigurationList section */
		B15D3AD02BC1EF6100118FAB /* Build configuration list for PBXProject "AnalogTimer" */ = {
			isa = XCConfigurationList;
			buildConfigurations = (
				B15D3AE12BC1EF6200118FAB /* Debug */,
				B15D3AE22BC1EF6200118FAB /* Release */,
			);
			defaultConfigurationIsVisible = 0;
			defaultConfigurationName = Release;
		};
		B15D3AE32BC1EF6200118FAB /* Build configuration list for PBXNativeTarget "AnalogTimer" */ = {
			isa = XCConfigurationList;
			buildConfigurations = (
				B15D3AE42BC1EF6200118FAB /* Debug */,
				B15D3AE52BC1EF6200118FAB /* Release */,
			);
			defaultConfigurationIsVisible = 0;
			defaultConfigurationName = Release;
		};
/* End XCConfigurationList section */
	};
	rootObject = B15D3ACD2BC1EF6100118FAB /* Project object */;
}
